// !$*UTF8*$!
{
	archiveVersion = 1;
	classes = {
	};
	objectVersion = 46;
	objects = {

/* Begin PBXBuildFile section */
		9A4E68101A3EB55100E3CF56 /* main.m in Sources */ = {isa = PBXBuildFile; fileRef = 9A4E680F1A3EB55100E3CF56 /* main.m */; };
		9A4E68131A3EB55100E3CF56 /* AppDelegate.m in Sources */ = {isa = PBXBuildFile; fileRef = 9A4E68121A3EB55100E3CF56 /* AppDelegate.m */; };
		9A4E68161A3EB55100E3CF56 /* MasterViewController.m in Sources */ = {isa = PBXBuildFile; fileRef = 9A4E68151A3EB55100E3CF56 /* MasterViewController.m */; };
		9A4E68191A3EB55100E3CF56 /* DetailViewController.m in Sources */ = {isa = PBXBuildFile; fileRef = 9A4E68181A3EB55100E3CF56 /* DetailViewController.m */; };
		9A4E681C1A3EB55100E3CF56 /* Main.storyboard in Resources */ = {isa = PBXBuildFile; fileRef = 9A4E681A1A3EB55100E3CF56 /* Main.storyboard */; };
		9A4E681E1A3EB55100E3CF56 /* Images.xcassets in Resources */ = {isa = PBXBuildFile; fileRef = 9A4E681D1A3EB55100E3CF56 /* Images.xcassets */; };
		9A4E68211A3EB55100E3CF56 /* LaunchScreen.xib in Resources */ = {isa = PBXBuildFile; fileRef = 9A4E681F1A3EB55100E3CF56 /* LaunchScreen.xib */; };
		9A4E682D1A3EB55100E3CF56 /* grigriTests.m in Sources */ = {isa = PBXBuildFile; fileRef = 9A4E682C1A3EB55100E3CF56 /* grigriTests.m */; };
/* End PBXBuildFile section */

/* Begin PBXContainerItemProxy section */
		9A4E68271A3EB55100E3CF56 /* PBXContainerItemProxy */ = {
			isa = PBXContainerItemProxy;
			containerPortal = 9A4E68021A3EB55100E3CF56 /* Project object */;
			proxyType = 1;
			remoteGlobalIDString = 9A4E68091A3EB55100E3CF56;
			remoteInfo = grigri;
		};
/* End PBXContainerItemProxy section */

/* Begin PBXFileReference section */
		9A4E680A1A3EB55100E3CF56 /* grigri.app */ = {isa = PBXFileReference; explicitFileType = wrapper.application; includeInIndex = 0; path = grigri.app; sourceTree = BUILT_PRODUCTS_DIR; };
		9A4E680E1A3EB55100E3CF56 /* Info.plist */ = {isa = PBXFileReference; lastKnownFileType = text.plist.xml; path = Info.plist; sourceTree = "<group>"; };
		9A4E680F1A3EB55100E3CF56 /* main.m */ = {isa = PBXFileReference; lastKnownFileType = sourcecode.c.objc; path = main.m; sourceTree = "<group>"; };
		9A4E68111A3EB55100E3CF56 /* AppDelegate.h */ = {isa = PBXFileReference; lastKnownFileType = sourcecode.c.h; path = AppDelegate.h; sourceTree = "<group>"; };
		9A4E68121A3EB55100E3CF56 /* AppDelegate.m */ = {isa = PBXFileReference; lastKnownFileType = sourcecode.c.objc; path = AppDelegate.m; sourceTree = "<group>"; };
		9A4E68141A3EB55100E3CF56 /* MasterViewController.h */ = {isa = PBXFileReference; lastKnownFileType = sourcecode.c.h; path = MasterViewController.h; sourceTree = "<group>"; };
		9A4E68151A3EB55100E3CF56 /* MasterViewController.m */ = {isa = PBXFileReference; lastKnownFileType = sourcecode.c.objc; path = MasterViewController.m; sourceTree = "<group>"; };
		9A4E68171A3EB55100E3CF56 /* DetailViewController.h */ = {isa = PBXFileReference; lastKnownFileType = sourcecode.c.h; path = DetailViewController.h; sourceTree = "<group>"; };
		9A4E68181A3EB55100E3CF56 /* DetailViewController.m */ = {isa = PBXFileReference; lastKnownFileType = sourcecode.c.objc; path = DetailViewController.m; sourceTree = "<group>"; };
		9A4E681B1A3EB55100E3CF56 /* Base */ = {isa = PBXFileReference; lastKnownFileType = file.storyboard; name = Base; path = Base.lproj/Main.storyboard; sourceTree = "<group>"; };
		9A4E681D1A3EB55100E3CF56 /* Images.xcassets */ = {isa = PBXFileReference; lastKnownFileType = folder.assetcatalog; path = Images.xcassets; sourceTree = "<group>"; };
		9A4E68201A3EB55100E3CF56 /* Base */ = {isa = PBXFileReference; lastKnownFileType = file.xib; name = Base; path = Base.lproj/LaunchScreen.xib; sourceTree = "<group>"; };
		9A4E68261A3EB55100E3CF56 /* grigriTests.xctest */ = {isa = PBXFileReference; explicitFileType = wrapper.cfbundle; includeInIndex = 0; path = grigriTests.xctest; sourceTree = BUILT_PRODUCTS_DIR; };
		9A4E682B1A3EB55100E3CF56 /* Info.plist */ = {isa = PBXFileReference; lastKnownFileType = text.plist.xml; path = Info.plist; sourceTree = "<group>"; };
		9A4E682C1A3EB55100E3CF56 /* grigriTests.m */ = {isa = PBXFileReference; lastKnownFileType = sourcecode.c.objc; path = grigriTests.m; sourceTree = "<group>"; };
/* End PBXFileReference section */

/* Begin PBXFrameworksBuildPhase section */
		9A4E68071A3EB55100E3CF56 /* Frameworks */ = {
			isa = PBXFrameworksBuildPhase;
			buildActionMask = 2147483647;
			files = (
			);
			runOnlyForDeploymentPostprocessing = 0;
		};
		9A4E68231A3EB55100E3CF56 /* Frameworks */ = {
			isa = PBXFrameworksBuildPhase;
			buildActionMask = 2147483647;
			files = (
			);
			runOnlyForDeploymentPostprocessing = 0;
		};
/* End PBXFrameworksBuildPhase section */

/* Begin PBXGroup section */
		9A4E68011A3EB55100E3CF56 = {
			isa = PBXGroup;
			children = (
				9A4E680C1A3EB55100E3CF56 /* grigri */,
				9A4E68291A3EB55100E3CF56 /* grigriTests */,
				9A4E680B1A3EB55100E3CF56 /* Products */,
			);
			sourceTree = "<group>";
		};
		9A4E680B1A3EB55100E3CF56 /* Products */ = {
			isa = PBXGroup;
			children = (
				9A4E680A1A3EB55100E3CF56 /* grigri.app */,
				9A4E68261A3EB55100E3CF56 /* grigriTests.xctest */,
			);
			name = Products;
			sourceTree = "<group>";
		};
		9A4E680C1A3EB55100E3CF56 /* grigri */ = {
			isa = PBXGroup;
			children = (
				9A4E68111A3EB55100E3CF56 /* AppDelegate.h */,
				9A4E68121A3EB55100E3CF56 /* AppDelegate.m */,
				9A4E68141A3EB55100E3CF56 /* MasterViewController.h */,
				9A4E68151A3EB55100E3CF56 /* MasterViewController.m */,
				9A4E68171A3EB55100E3CF56 /* DetailViewController.h */,
				9A4E68181A3EB55100E3CF56 /* DetailViewController.m */,
				9A4E681A1A3EB55100E3CF56 /* Main.storyboard */,
				9A4E681D1A3EB55100E3CF56 /* Images.xcassets */,
				9A4E681F1A3EB55100E3CF56 /* LaunchScreen.xib */,
				9A4E680D1A3EB55100E3CF56 /* Supporting Files */,
			);
			path = grigri;
			sourceTree = "<group>";
		};
		9A4E680D1A3EB55100E3CF56 /* Supporting Files */ = {
			isa = PBXGroup;
			children = (
				9A4E680E1A3EB55100E3CF56 /* Info.plist */,
				9A4E680F1A3EB55100E3CF56 /* main.m */,
			);
			name = "Supporting Files";
			sourceTree = "<group>";
		};
		9A4E68291A3EB55100E3CF56 /* grigriTests */ = {
			isa = PBXGroup;
			children = (
				9A4E682C1A3EB55100E3CF56 /* grigriTests.m */,
				9A4E682A1A3EB55100E3CF56 /* Supporting Files */,
			);
			path = grigriTests;
			sourceTree = "<group>";
		};
		9A4E682A1A3EB55100E3CF56 /* Supporting Files */ = {
			isa = PBXGroup;
			children = (
				9A4E682B1A3EB55100E3CF56 /* Info.plist */,
			);
			name = "Supporting Files";
			sourceTree = "<group>";
		};
/* End PBXGroup section */

/* Begin PBXNativeTarget section */
		9A4E68091A3EB55100E3CF56 /* grigri */ = {
			isa = PBXNativeTarget;
			buildConfigurationList = 9A4E68301A3EB55100E3CF56 /* Build configuration list for PBXNativeTarget "grigri" */;
			buildPhases = (
				9A4E68061A3EB55100E3CF56 /* Sources */,
				9A4E68071A3EB55100E3CF56 /* Frameworks */,
				9A4E68081A3EB55100E3CF56 /* Resources */,
			);
			buildRules = (
			);
			dependencies = (
			);
			name = grigri;
			productName = grigri;
			productReference = 9A4E680A1A3EB55100E3CF56 /* grigri.app */;
			productType = "com.apple.product-type.application";
		};
		9A4E68251A3EB55100E3CF56 /* grigriTests */ = {
			isa = PBXNativeTarget;
			buildConfigurationList = 9A4E68331A3EB55100E3CF56 /* Build configuration list for PBXNativeTarget "grigriTests" */;
			buildPhases = (
				9A4E68221A3EB55100E3CF56 /* Sources */,
				9A4E68231A3EB55100E3CF56 /* Frameworks */,
				9A4E68241A3EB55100E3CF56 /* Resources */,
			);
			buildRules = (
			);
			dependencies = (
				9A4E68281A3EB55100E3CF56 /* PBXTargetDependency */,
			);
			name = grigriTests;
			productName = grigriTests;
			productReference = 9A4E68261A3EB55100E3CF56 /* grigriTests.xctest */;
			productType = "com.apple.product-type.bundle.unit-test";
		};
/* End PBXNativeTarget section */

/* Begin PBXProject section */
		9A4E68021A3EB55100E3CF56 /* Project object */ = {
			isa = PBXProject;
			attributes = {
				LastUpgradeCheck = 0610;
				ORGANIZATIONNAME = FengXiaoping;
				TargetAttributes = {
					9A4E68091A3EB55100E3CF56 = {
						CreatedOnToolsVersion = 6.1.1;
					};
					9A4E68251A3EB55100E3CF56 = {
						CreatedOnToolsVersion = 6.1.1;
						TestTargetID = 9A4E68091A3EB55100E3CF56;
					};
				};
			};
			buildConfigurationList = 9A4E68051A3EB55100E3CF56 /* Build configuration list for PBXProject "grigri" */;
			compatibilityVersion = "Xcode 3.2";
			developmentRegion = English;
			hasScannedForEncodings = 0;
			knownRegions = (
				en,
				Base,
			);
			mainGroup = 9A4E68011A3EB55100E3CF56;
			productRefGroup = 9A4E680B1A3EB55100E3CF56 /* Products */;
			projectDirPath = "";
			projectRoot = "";
			targets = (
				9A4E68091A3EB55100E3CF56 /* grigri */,
				9A4E68251A3EB55100E3CF56 /* grigriTests */,
			);
		};
/* End PBXProject section */

/* Begin PBXResourcesBuildPhase section */
		9A4E68081A3EB55100E3CF56 /* Resources */ = {
			isa = PBXResourcesBuildPhase;
			buildActionMask = 2147483647;
			files = (
				9A4E681C1A3EB55100E3CF56 /* Main.storyboard in Resources */,
				9A4E68211A3EB55100E3CF56 /* LaunchScreen.xib in Resources */,
				9A4E681E1A3EB55100E3CF56 /* Images.xcassets in Resources */,
			);
			runOnlyForDeploymentPostprocessing = 0;
		};
		9A4E68241A3EB55100E3CF56 /* Resources */ = {
			isa = PBXResourcesBuildPhase;
			buildActionMask = 2147483647;
			files = (
			);
			runOnlyForDeploymentPostprocessing = 0;
		};
/* End PBXResourcesBuildPhase section */

/* Begin PBXSourcesBuildPhase section */
		9A4E68061A3EB55100E3CF56 /* Sources */ = {
			isa = PBXSourcesBuildPhase;
			buildActionMask = 2147483647;
			files = (
				9A4E68131A3EB55100E3CF56 /* AppDelegate.m in Sources */,
				9A4E68161A3EB55100E3CF56 /* MasterViewController.m in Sources */,
				9A4E68101A3EB55100E3CF56 /* main.m in Sources */,
				9A4E68191A3EB55100E3CF56 /* DetailViewController.m in Sources */,
			);
			runOnlyForDeploymentPostprocessing = 0;
		};
		9A4E68221A3EB55100E3CF56 /* Sources */ = {
			isa = PBXSourcesBuildPhase;
			buildActionMask = 2147483647;
			files = (
				9A4E682D1A3EB55100E3CF56 /* grigriTests.m in Sources */,
			);
			runOnlyForDeploymentPostprocessing = 0;
		};
/* End PBXSourcesBuildPhase section */

/* Begin PBXTargetDependency section */
		9A4E68281A3EB55100E3CF56 /* PBXTargetDependency */ = {
			isa = PBXTargetDependency;
			target = 9A4E68091A3EB55100E3CF56 /* grigri */;
			targetProxy = 9A4E68271A3EB55100E3CF56 /* PBXContainerItemProxy */;
		};
/* End PBXTargetDependency section */

/* Begin PBXVariantGroup section */
		9A4E681A1A3EB55100E3CF56 /* Main.storyboard */ = {
			isa = PBXVariantGroup;
			children = (
				9A4E681B1A3EB55100E3CF56 /* Base */,
			);
			name = Main.storyboard;
			sourceTree = "<group>";
		};
		9A4E681F1A3EB55100E3CF56 /* LaunchScreen.xib */ = {
			isa = PBXVariantGroup;
			children = (
				9A4E68201A3EB55100E3CF56 /* Base */,
			);
			name = LaunchScreen.xib;
			sourceTree = "<group>";
		};
/* End PBXVariantGroup section */

/* Begin XCBuildConfiguration section */
		9A4E682E1A3EB55100E3CF56 /* Debug */ = {
			isa = XCBuildConfiguration;
			buildSettings = {
				ALWAYS_SEARCH_USER_PATHS = NO;
				CLANG_CXX_LANGUAGE_STANDARD = "gnu++0x";
				CLANG_CXX_LIBRARY = "libc++";
				CLANG_ENABLE_MODULES = YES;
				CLANG_ENABLE_OBJC_ARC = YES;
				CLANG_WARN_BOOL_CONVERSION = YES;
				CLANG_WARN_CONSTANT_CONVERSION = YES;
				CLANG_WARN_DIRECT_OBJC_ISA_USAGE = YES_ERROR;
				CLANG_WARN_EMPTY_BODY = YES;
				CLANG_WARN_ENUM_CONVERSION = YES;
				CLANG_WARN_INT_CONVERSION = YES;
				CLANG_WARN_OBJC_ROOT_CLASS = YES_ERROR;
				CLANG_WARN_UNREACHABLE_CODE = YES;
				CLANG_WARN__DUPLICATE_METHOD_MATCH = YES;
				"CODE_SIGN_IDENTITY[sdk=iphoneos*]" = "iPhone Developer";
				COPY_PHASE_STRIP = NO;
				ENABLE_STRICT_OBJC_MSGSEND = YES;
				GCC_C_LANGUAGE_STANDARD = gnu99;
				GCC_DYNAMIC_NO_PIC = NO;
				GCC_OPTIMIZATION_LEVEL = 0;
				GCC_PREPROCESSOR_DEFINITIONS = (
					"DEBUG=1",
					"$(inherited)",
				);
				GCC_SYMBOLS_PRIVATE_EXTERN = NO;
				GCC_WARN_64_TO_32_BIT_CONVERSION = YES;
				GCC_WARN_ABOUT_RETURN_TYPE = YES_ERROR;
				GCC_WARN_UNDECLARED_SELECTOR = YES;
				GCC_WARN_UNINITIALIZED_AUTOS = YES_AGGRESSIVE;
				GCC_WARN_UNUSED_FUNCTION = YES;
				GCC_WARN_UNUSED_VARIABLE = YES;
				IPHONEOS_DEPLOYMENT_TARGET = 8.1;
				MTL_ENABLE_DEBUG_INFO = YES;
				ONLY_ACTIVE_ARCH = YES;
				SDKROOT = iphoneos;
				TARGETED_DEVICE_FAMILY = "1,2";
			};
			name = Debug;
		};
		9A4E682F1A3EB55100E3CF56 /* Release */ = {
			isa = XCBuildConfiguration;
			buildSettings = {
				ALWAYS_SEARCH_USER_PATHS = NO;
				CLANG_CXX_LANGUAGE_STANDARD = "gnu++0x";
				CLANG_CXX_LIBRARY = "libc++";
				CLANG_ENABLE_MODULES = YES;
				CLANG_ENABLE_OBJC_ARC = YES;
				CLANG_WARN_BOOL_CONVERSION = YES;
				CLANG_WARN_CONSTANT_CONVERSION = YES;
				CLANG_WARN_DIRECT_OBJC_ISA_USAGE = YES_ERROR;
				CLANG_WARN_EMPTY_BODY = YES;
				CLANG_WARN_ENUM_CONVERSION = YES;
				CLANG_WARN_INT_CONVERSION = YES;
				CLANG_WARN_OBJC_ROOT_CLASS = YES_ERROR;
				CLANG_WARN_UNREACHABLE_CODE = YES;
				CLANG_WARN__DUPLICATE_METHOD_MATCH = YES;
				"CODE_SIGN_IDENTITY[sdk=iphoneos*]" = "iPhone Developer";
				COPY_PHASE_STRIP = YES;
				ENABLE_NS_ASSERTIONS = NO;
				ENABLE_STRICT_OBJC_MSGSEND = YES;
				GCC_C_LANGUAGE_STANDARD = gnu99;
				GCC_WARN_64_TO_32_BIT_CONVERSION = YES;
				GCC_WARN_ABOUT_RETURN_TYPE = YES_ERROR;
				GCC_WARN_UNDECLARED_SELECTOR = YES;
				GCC_WARN_UNINITIALIZED_AUTOS = YES_AGGRESSIVE;
				GCC_WARN_UNUSED_FUNCTION = YES;
				GCC_WARN_UNUSED_VARIABLE = YES;
				IPHONEOS_DEPLOYMENT_TARGET = 8.1;
				MTL_ENABLE_DEBUG_INFO = NO;
				SDKROOT = iphoneos;
				TARGETED_DEVICE_FAMILY = "1,2";
				VALIDATE_PRODUCT = YES;
			};
			name = Release;
		};
		9A4E68311A3EB55100E3CF56 /* Debug */ = {
			isa = XCBuildConfiguration;
			buildSettings = {
				ASSETCATALOG_COMPILER_APPICON_NAME = AppIcon;
				INFOPLIST_FILE = grigri/Info.plist;
				LD_RUNPATH_SEARCH_PATHS = "$(inherited) @executable_path/Frameworks";
				PRODUCT_NAME = "$(TARGET_NAME)";
			};
			name = Debug;
		};
		9A4E68321A3EB55100E3CF56 /* Release */ = {
			isa = XCBuildConfiguration;
			buildSettings = {
				ASSETCATALOG_COMPILER_APPICON_NAME = AppIcon;
				INFOPLIST_FILE = grigri/Info.plist;
				LD_RUNPATH_SEARCH_PATHS = "$(inherited) @executable_path/Frameworks";
				PRODUCT_NAME = "$(TARGET_NAME)";
			};
			name = Release;
		};
		9A4E68341A3EB55100E3CF56 /* Debug */ = {
			isa = XCBuildConfiguration;
			buildSettings = {
				BUNDLE_LOADER = "$(TEST_HOST)";
				FRAMEWORK_SEARCH_PATHS = (
					"$(SDKROOT)/Developer/Library/Frameworks",
					"$(inherited)",
				);
				GCC_PREPROCESSOR_DEFINITIONS = (
					"DEBUG=1",
					"$(inherited)",
				);
				INFOPLIST_FILE = grigriTests/Info.plist;
				LD_RUNPATH_SEARCH_PATHS = "$(inherited) @executable_path/Frameworks @loader_path/Frameworks";
				PRODUCT_NAME = "$(TARGET_NAME)";
				TEST_HOST = "$(BUILT_PRODUCTS_DIR)/grigri.app/grigri";
			};
			name = Debug;
		};
		9A4E68351A3EB55100E3CF56 /* Release */ = {
			isa = XCBuildConfiguration;
			buildSettings = {
				BUNDLE_LOADER = "$(TEST_HOST)";
				FRAMEWORK_SEARCH_PATHS = (
					"$(SDKROOT)/Developer/Library/Frameworks",
					"$(inherited)",
				);
				INFOPLIST_FILE = grigriTests/Info.plist;
				LD_RUNPATH_SEARCH_PATHS = "$(inherited) @executable_path/Frameworks @loader_path/Frameworks";
				PRODUCT_NAME = "$(TARGET_NAME)";
				TEST_HOST = "$(BUILT_PRODUCTS_DIR)/grigri.app/grigri";
			};
			name = Release;
		};
/* End XCBuildConfiguration section */

/* Begin XCConfigurationList section */
		9A4E68051A3EB55100E3CF56 /* Build configuration list for PBXProject "grigri" */ = {
			isa = XCConfigurationList;
			buildConfigurations = (
				9A4E682E1A3EB55100E3CF56 /* Debug */,
				9A4E682F1A3EB55100E3CF56 /* Release */,
			);
			defaultConfigurationIsVisible = 0;
			defaultConfigurationName = Release;
		};
		9A4E68301A3EB55100E3CF56 /* Build configuration list for PBXNativeTarget "grigri" */ = {
			isa = XCConfigurationList;
			buildConfigurations = (
				9A4E68311A3EB55100E3CF56 /* Debug */,
				9A4E68321A3EB55100E3CF56 /* Release */,
			);
			defaultConfigurationIsVisible = 0;
		};
		9A4E68331A3EB55100E3CF56 /* Build configuration list for PBXNativeTarget "grigriTests" */ = {
			isa = XCConfigurationList;
			buildConfigurations = (
				9A4E68341A3EB55100E3CF56 /* Debug */,
				9A4E68351A3EB55100E3CF56 /* Release */,
			);
			defaultConfigurationIsVisible = 0;
		};
/* End XCConfigurationList section */
	};
	rootObject = 9A4E68021A3EB55100E3CF56 /* Project object */;
}
